
Microsoft Visual Studio Solution File, Format Version 12.00
# Visual Studio Version 17
VisualStudioVersion = 17.10.35027.167
MinimumVisualStudioVersion = 10.0.40219.1
Project("{FAE04EC0-301F-11D3-BF4B-00C04F79EFBC}") = "DBMS.SLQ QueryData", "DBMS.SLQ QueryData\DBMS.SLQ QueryData.csproj", "{2ABFC87D-74E3-4D02-AA7C-7DDCFE2D99EA}"
EndProject
Global
	GlobalSection(SolutionConfigurationPlatforms) = preSolution
		Debug|Any CPU = Debug|Any CPU
		Release|Any CPU = Release|Any CPU
	EndGlobalSection
	GlobalSection(ProjectConfigurationPlatforms) = postSolution
		{2ABFC87D-74E3-4D02-AA7C-7DDCFE2D99EA}.Debug|Any CPU.ActiveCfg = Debug|Any CPU
		{2ABFC87D-74E3-4D02-AA7C-7DDCFE2D99EA}.Debug|Any CPU.Build.0 = Debug|Any CPU
		{2ABFC87D-74E3-4D02-AA7C-7DDCFE2D99EA}.Release|Any CPU.ActiveCfg = Release|Any CPU
		{2ABFC87D-74E3-4D02-AA7C-7DDCFE2D99EA}.Release|Any CPU.Build.0 = Release|Any CPU
	EndGlobalSection
	GlobalSection(SolutionProperties) = preSolution
		HideSolutionNode = FALSE
	EndGlobalSection
	GlobalSection(ExtensibilityGlobals) = postSolution
		SolutionGuid = {7E7C2278-6027-4924-A6C3-6A82D7E0E049}
	EndGlobalSection
EndGlobal
